<?xml version="1.0" encoding="utf-8"?>
<Project ToolsVersion="4.0" xmlns="http://schemas.microsoft.com/developer/msbuild/2003">
  <ItemGroup>
    <Filter Include="ソース ファイル">
      <UniqueIdentifier>{4FC737F1-C7A5-4376-A066-2A32D752A2FF}</UniqueIdentifier>
      <Extensions>cpp;c;cc;cxx;c++;cppm;ixx;def;odl;idl;hpj;bat;asm;asmx</Extensions>
    </Filter>
    <Filter Include="ヘッダー ファイル">
      <UniqueIdentifier>{93995380-89BD-4b04-88EB-625FBE52EBFB}</UniqueIdentifier>
      <Extensions>h;hh;hpp;hxx;h++;hm;inl;inc;ipp;xsd</Extensions>
    </Filter>
    <Filter Include="リソース ファイル">
      <UniqueIdentifier>{67DA6AB6-F800-4c08-8B7A-83BB121AAD01}</UniqueIdentifier>
      <Extensions>rc;ico;cur;bmp;dlg;rc2;rct;bin;rgs;gif;jpg;jpeg;jpe;resx;tiff;tif;png;wav;mfcribbon-ms</Extensions>
    </Filter>
    <Filter Include="ヘッダー ファイル\common">
      <UniqueIdentifier>{48c59994-f81f-4649-a415-e9a9bdf3b723}</UniqueIdentifier>
    </Filter>
    <Filter Include="ヘッダー ファイル\TensorNetwork">
      <UniqueIdentifier>{c8670e7b-df65-4bce-9fc2-7b1b6aa66245}</UniqueIdentifier>
    </Filter>
    <Filter Include="ヘッダー ファイル\TensorNetwork\Optimizer">
      <UniqueIdentifier>{93068005-fda0-4e29-9289-3b988bf60c14}</UniqueIdentifier>
    </Filter>
    <Filter Include="ヘッダー ファイル\TensorNetwork\Layer">
      <UniqueIdentifier>{64a9f49c-bdf6-4d04-89d6-6644f529e9a5}</UniqueIdentifier>
    </Filter>
    <Filter Include="ヘッダー ファイル\TensorNetwork\Tensor">
      <UniqueIdentifier>{c2dcaf6e-8e69-4f65-93d9-110de082a9b1}</UniqueIdentifier>
    </Filter>
    <Filter Include="ソース ファイル\TensorNetwork">
      <UniqueIdentifier>{d4dc6612-91f7-4094-b7e9-09468dd7d1d3}</UniqueIdentifier>
    </Filter>
    <Filter Include="ソース ファイル\TensorNetwork\Tensor">
      <UniqueIdentifier>{f97c1fc6-8290-4390-acf5-3f30f3e0c0c2}</UniqueIdentifier>
    </Filter>
    <Filter Include="ソース ファイル\TensorNetwork\Layer">
      <UniqueIdentifier>{55a24ed0-81d1-44ab-8df5-016e51d1f0a5}</UniqueIdentifier>
    </Filter>
    <Filter Include="ヘッダー ファイル\TensorNetwork\Layer\Loss">
      <UniqueIdentifier>{bd8621f4-efd0-46f3-b357-77613f36a7df}</UniqueIdentifier>
    </Filter>
    <Filter Include="ソース ファイル\TensorNetwork\Layer\Loss">
      <UniqueIdentifier>{9be90267-5d24-4dac-ace9-22ade1eddf93}</UniqueIdentifier>
    </Filter>
    <Filter Include="ソース ファイル\TensorNetwork\Optimizer">
      <UniqueIdentifier>{fc1d8f58-9e93-4489-9ce3-55768d03231e}</UniqueIdentifier>
    </Filter>
  </ItemGroup>
  <ItemGroup>
    <ClCompile Include="projectAIRA.cpp">
      <Filter>ソース ファイル</Filter>
    </ClCompile>
    <ClCompile Include="TensorNetwork\Tensor\TensorCore.cpp">
      <Filter>ソース ファイル\TensorNetwork\Tensor</Filter>
    </ClCompile>
    <ClCompile Include="TensorNetwork\Layer\LayerSkeleton.cpp">
      <Filter>ソース ファイル\TensorNetwork\Layer</Filter>
    </ClCompile>
    <ClCompile Include="TensorNetwork\Tensor\Tensor.cpp">
      <Filter>ソース ファイル\TensorNetwork\Tensor</Filter>
    </ClCompile>
  </ItemGroup>
  <ItemGroup>
    <ClInclude Include="common\typeinfo.h">
      <Filter>ヘッダー ファイル\common</Filter>
    </ClInclude>
    <ClInclude Include="TensorNetwork\Tensor\TensorCore.h">
      <Filter>ヘッダー ファイル\TensorNetwork\Tensor</Filter>
    </ClInclude>
    <ClInclude Include="TensorNetwork\Tensor\Tensor.h">
      <Filter>ヘッダー ファイル\TensorNetwork\Tensor</Filter>
    </ClInclude>
    <ClInclude Include="TensorNetwork\Layer\Layer.h">
      <Filter>ヘッダー ファイル\TensorNetwork\Layer</Filter>
    </ClInclude>
    <ClInclude Include="TensorNetwork\root_TensorNetwork.h">
      <Filter>ヘッダー ファイル\TensorNetwork</Filter>
    </ClInclude>
    <ClInclude Include="TensorNetwork\Layer\layer_definition_template.h">
      <Filter>ヘッダー ファイル\TensorNetwork\Layer</Filter>
    </ClInclude>
    <ClInclude Include="TensorNetwork\Layer\Add.h">
      <Filter>ヘッダー ファイル\TensorNetwork\Layer</Filter>
    </ClInclude>
    <ClInclude Include="TensorNetwork\Layer\AddAsInner.h">
      <Filter>ヘッダー ファイル\TensorNetwork\Layer</Filter>
    </ClInclude>
    <ClInclude Include="TensorNetwork\Layer\Affine.h">
      <Filter>ヘッダー ファイル\TensorNetwork\Layer</Filter>
    </ClInclude>
    <ClInclude Include="TensorNetwork\Layer\Sequential.h">
      <Filter>ヘッダー ファイル\TensorNetwork\Layer</Filter>
    </ClInclude>
    <ClInclude Include="TensorNetwork\Layer\Split.h">
      <Filter>ヘッダー ファイル\TensorNetwork\Layer</Filter>
    </ClInclude>
    <ClInclude Include="TensorNetwork\Layer\ReLU.h">
      <Filter>ヘッダー ファイル\TensorNetwork\Layer</Filter>
    </ClInclude>
    <ClInclude Include="common\gpu-manager.h">
      <Filter>ヘッダー ファイル\common</Filter>
    </ClInclude>
    <ClInclude Include="common\debug-setting.h">
      <Filter>ヘッダー ファイル\common</Filter>
    </ClInclude>
    <ClInclude Include="TensorNetwork\Layer\L2Loss.h">
      <Filter>ヘッダー ファイル\TensorNetwork\Layer\Loss</Filter>
    </ClInclude>
    <ClInclude Include="TensorNetwork\Layer\CrossEntropyWithSM.h">
      <Filter>ヘッダー ファイル\TensorNetwork\Layer\Loss</Filter>
    </ClInclude>
    <ClInclude Include="TensorNetwork\Optimizer\Optimizer.h">
      <Filter>ヘッダー ファイル\TensorNetwork\Optimizer</Filter>
    </ClInclude>
    <ClInclude Include="TensorNetwork\Optimizer\SGD.h">
      <Filter>ヘッダー ファイル\TensorNetwork\Optimizer</Filter>
    </ClInclude>
    <ClInclude Include="TensorNetwork\Layer\nnLayer.h">
      <Filter>ヘッダー ファイル\TensorNetwork\Layer</Filter>
    </ClInclude>
  </ItemGroup>
  <ItemGroup>
    <CudaCompile Include="TensorNetwork\Layer\Add.cu">
      <Filter>ソース ファイル\TensorNetwork\Layer</Filter>
    </CudaCompile>
    <CudaCompile Include="TensorNetwork\Layer\ReLU.cu">
      <Filter>ソース ファイル\TensorNetwork\Layer</Filter>
    </CudaCompile>
    <CudaCompile Include="TensorNetwork\Layer\Split.cu">
      <Filter>ソース ファイル\TensorNetwork\Layer</Filter>
    </CudaCompile>
    <CudaCompile Include="TensorNetwork\Layer\Affine.cu">
      <Filter>ソース ファイル\TensorNetwork\Layer</Filter>
    </CudaCompile>
    <CudaCompile Include="TensorNetwork\Layer\L2Loss.cu">
      <Filter>ソース ファイル\TensorNetwork\Layer\Loss</Filter>
    </CudaCompile>
    <CudaCompile Include="TensorNetwork\Layer\CrossEntropyWithSM.cu">
      <Filter>ソース ファイル\TensorNetwork\Layer\Loss</Filter>
    </CudaCompile>
    <CudaCompile Include="TensorNetwork\Optimizer\Optimizer.cu">
      <Filter>ソース ファイル\TensorNetwork\Optimizer</Filter>
    </CudaCompile>
    <CudaCompile Include="TensorNetwork\Optimizer\SGD.cu">
      <Filter>ソース ファイル\TensorNetwork\Optimizer</Filter>
    </CudaCompile>
  </ItemGroup>
</Project>